// !$*UTF8*$!
{
	archiveVersion = 1;
	classes = {
	};
	objectVersion = 46;
	objects = {

/* Begin PBXBuildFile section */
		D07B5BA318301F1200965C48 /* b.png in Resources */ = {isa = PBXBuildFile; fileRef = D07B5B8D18301F1200965C48 /* b.png */; };
		D07B5BA418301F1200965C48 /* Black.png in Resources */ = {isa = PBXBuildFile; fileRef = D07B5B8E18301F1200965C48 /* Black.png */; };
		D07B5BA518301F1200965C48 /* Blue.png in Resources */ = {isa = PBXBuildFile; fileRef = D07B5B8F18301F1200965C48 /* Blue.png */; };
		D07B5BA618301F1200965C48 /* Brown.png in Resources */ = {isa = PBXBuildFile; fileRef = D07B5B9018301F1200965C48 /* Brown.png */; };
		D07B5BA718301F1200965C48 /* Custom-Color.png in Resources */ = {isa = PBXBuildFile; fileRef = D07B5B9118301F1200965C48 /* Custom-Color.png */; };
		D07B5BA818301F1200965C48 /* DarkGreen.png in Resources */ = {isa = PBXBuildFile; fileRef = D07B5B9218301F1200965C48 /* DarkGreen.png */; };
		D07B5BA918301F1200965C48 /* DarkOrange.png in Resources */ = {isa = PBXBuildFile; fileRef = D07B5B9318301F1200965C48 /* DarkOrange.png */; };
		D07B5BAA18301F1200965C48 /* Eraser.png in Resources */ = {isa = PBXBuildFile; fileRef = D07B5B9418301F1200965C48 /* Eraser.png */; };
		D07B5BAB18301F1200965C48 /* g.png in Resources */ = {isa = PBXBuildFile; fileRef = D07B5B9518301F1200965C48 /* g.png */; };
		D07B5BAC18301F1200965C48 /* Grey.png in Resources */ = {isa = PBXBuildFile; fileRef = D07B5B9618301F1200965C48 /* Grey.png */; };
		D07B5BAD18301F1200965C48 /* LightBlue.png in Resources */ = {isa = PBXBuildFile; fileRef = D07B5B9718301F1200965C48 /* LightBlue.png */; };
		D07B5BAE18301F1200965C48 /* LightGreen.png in Resources */ = {isa = PBXBuildFile; fileRef = D07B5B9818301F1200965C48 /* LightGreen.png */; };
		D07B5BAF18301F1200965C48 /* Opacity.png in Resources */ = {isa = PBXBuildFile; fileRef = D07B5B9918301F1200965C48 /* Opacity.png */; };
		D07B5BB018301F1200965C48 /* r.png in Resources */ = {isa = PBXBuildFile; fileRef = D07B5B9A18301F1200965C48 /* r.png */; };
		D07B5BB118301F1200965C48 /* Red.png in Resources */ = {isa = PBXBuildFile; fileRef = D07B5B9B18301F1200965C48 /* Red.png */; };
		D07B5BB218301F1200965C48 /* reset-Small.png in Resources */ = {isa = PBXBuildFile; fileRef = D07B5B9C18301F1200965C48 /* reset-Small.png */; };
		D07B5BB318301F1200965C48 /* Save-Small.png in Resources */ = {isa = PBXBuildFile; fileRef = D07B5B9D18301F1200965C48 /* Save-Small.png */; };
		D07B5BB418301F1200965C48 /* Setting-1.png in Resources */ = {isa = PBXBuildFile; fileRef = D07B5B9E18301F1200965C48 /* Setting-1.png */; };
		D07B5BB518301F1200965C48 /* Setting-2.png in Resources */ = {isa = PBXBuildFile; fileRef = D07B5B9F18301F1200965C48 /* Setting-2.png */; };
		D07B5BB618301F1200965C48 /* thickness.png in Resources */ = {isa = PBXBuildFile; fileRef = D07B5BA018301F1200965C48 /* thickness.png */; };
		D07B5BB718301F1200965C48 /* width.png in Resources */ = {isa = PBXBuildFile; fileRef = D07B5BA118301F1200965C48 /* width.png */; };
		D07B5BB818301F1200965C48 /* Yellow.png in Resources */ = {isa = PBXBuildFile; fileRef = D07B5BA218301F1200965C48 /* Yellow.png */; };
		D07B5BBB18303A6000965C48 /* SettingsViewController.m in Sources */ = {isa = PBXBuildFile; fileRef = D07B5BBA18303A6000965C48 /* SettingsViewController.m */; };
		D07B5BBD1830C6A400965C48 /* Twitter.framework in Frameworks */ = {isa = PBXBuildFile; fileRef = D07B5BBC1830C6A400965C48 /* Twitter.framework */; };
		D07B5BBF1830C6F600965C48 /* Social.framework in Frameworks */ = {isa = PBXBuildFile; fileRef = D07B5BBE1830C6F600965C48 /* Social.framework */; };
		D07B5BC11830C70400965C48 /* Accounts.framework in Frameworks */ = {isa = PBXBuildFile; fileRef = D07B5BC01830C70400965C48 /* Accounts.framework */; };
		D09482C1182EC5CB00FD0644 /* Foundation.framework in Frameworks */ = {isa = PBXBuildFile; fileRef = D09482C0182EC5CB00FD0644 /* Foundation.framework */; };
		D09482C3182EC5CB00FD0644 /* CoreGraphics.framework in Frameworks */ = {isa = PBXBuildFile; fileRef = D09482C2182EC5CB00FD0644 /* CoreGraphics.framework */; };
		D09482C5182EC5CB00FD0644 /* UIKit.framework in Frameworks */ = {isa = PBXBuildFile; fileRef = D09482C4182EC5CB00FD0644 /* UIKit.framework */; };
		D09482CB182EC5CB00FD0644 /* InfoPlist.strings in Resources */ = {isa = PBXBuildFile; fileRef = D09482C9182EC5CB00FD0644 /* InfoPlist.strings */; };
		D09482CD182EC5CB00FD0644 /* main.m in Sources */ = {isa = PBXBuildFile; fileRef = D09482CC182EC5CB00FD0644 /* main.m */; };
		D09482D1182EC5CB00FD0644 /* AppDelegate.m in Sources */ = {isa = PBXBuildFile; fileRef = D09482D0182EC5CB00FD0644 /* AppDelegate.m */; };
		D09482D4182EC5CB00FD0644 /* Main_iPhone.storyboard in Resources */ = {isa = PBXBuildFile; fileRef = D09482D2182EC5CB00FD0644 /* Main_iPhone.storyboard */; };
		D09482D7182EC5CC00FD0644 /* Main_iPad.storyboard in Resources */ = {isa = PBXBuildFile; fileRef = D09482D5182EC5CC00FD0644 /* Main_iPad.storyboard */; };
		D09482DA182EC5CC00FD0644 /* ViewController.m in Sources */ = {isa = PBXBuildFile; fileRef = D09482D9182EC5CC00FD0644 /* ViewController.m */; };
		D09482DC182EC5CC00FD0644 /* Images.xcassets in Resources */ = {isa = PBXBuildFile; fileRef = D09482DB182EC5CC00FD0644 /* Images.xcassets */; };
		D09482E3182EC5CC00FD0644 /* XCTest.framework in Frameworks */ = {isa = PBXBuildFile; fileRef = D09482E2182EC5CC00FD0644 /* XCTest.framework */; };
		D09482E4182EC5CC00FD0644 /* Foundation.framework in Frameworks */ = {isa = PBXBuildFile; fileRef = D09482C0182EC5CB00FD0644 /* Foundation.framework */; };
		D09482E5182EC5CC00FD0644 /* UIKit.framework in Frameworks */ = {isa = PBXBuildFile; fileRef = D09482C4182EC5CB00FD0644 /* UIKit.framework */; };
		D09482ED182EC5CC00FD0644 /* InfoPlist.strings in Resources */ = {isa = PBXBuildFile; fileRef = D09482EB182EC5CC00FD0644 /* InfoPlist.strings */; };
		D09482EF182EC5CC00FD0644 /* DigiColorPadTests.m in Sources */ = {isa = PBXBuildFile; fileRef = D09482EE182EC5CC00FD0644 /* DigiColorPadTests.m */; };
		D0DC582118A4DC1100558436 /* paint.png in Resources */ = {isa = PBXBuildFile; fileRef = D0DC582018A4DC1100558436 /* paint.png */; };
/* End PBXBuildFile section */

/* Begin PBXContainerItemProxy section */
		D09482E6182EC5CC00FD0644 /* PBXContainerItemProxy */ = {
			isa = PBXContainerItemProxy;
			containerPortal = D09482B5182EC5CB00FD0644 /* Project object */;
			proxyType = 1;
			remoteGlobalIDString = D09482BC182EC5CB00FD0644;
			remoteInfo = DigiColorPad;
		};
/* End PBXContainerItemProxy section */

/* Begin PBXFileReference section */
		D07B5B8D18301F1200965C48 /* b.png */ = {isa = PBXFileReference; lastKnownFileType = image.png; path = b.png; sourceTree = "<group>"; };
		D07B5B8E18301F1200965C48 /* Black.png */ = {isa = PBXFileReference; lastKnownFileType = image.png; path = Black.png; sourceTree = "<group>"; };
		D07B5B8F18301F1200965C48 /* Blue.png */ = {isa = PBXFileReference; lastKnownFileType = image.png; path = Blue.png; sourceTree = "<group>"; };
		D07B5B9018301F1200965C48 /* Brown.png */ = {isa = PBXFileReference; lastKnownFileType = image.png; path = Brown.png; sourceTree = "<group>"; };
		D07B5B9118301F1200965C48 /* Custom-Color.png */ = {isa = PBXFileReference; lastKnownFileType = image.png; path = "Custom-Color.png"; sourceTree = "<group>"; };
		D07B5B9218301F1200965C48 /* DarkGreen.png */ = {isa = PBXFileReference; lastKnownFileType = image.png; path = DarkGreen.png; sourceTree = "<group>"; };
		D07B5B9318301F1200965C48 /* DarkOrange.png */ = {isa = PBXFileReference; lastKnownFileType = image.png; path = DarkOrange.png; sourceTree = "<group>"; };
		D07B5B9418301F1200965C48 /* Eraser.png */ = {isa = PBXFileReference; lastKnownFileType = image.png; path = Eraser.png; sourceTree = "<group>"; };
		D07B5B9518301F1200965C48 /* g.png */ = {isa = PBXFileReference; lastKnownFileType = image.png; path = g.png; sourceTree = "<group>"; };
		D07B5B9618301F1200965C48 /* Grey.png */ = {isa = PBXFileReference; lastKnownFileType = image.png; path = Grey.png; sourceTree = "<group>"; };
		D07B5B9718301F1200965C48 /* LightBlue.png */ = {isa = PBXFileReference; lastKnownFileType = image.png; path = LightBlue.png; sourceTree = "<group>"; };
		D07B5B9818301F1200965C48 /* LightGreen.png */ = {isa = PBXFileReference; lastKnownFileType = image.png; path = LightGreen.png; sourceTree = "<group>"; };
		D07B5B9918301F1200965C48 /* Opacity.png */ = {isa = PBXFileReference; lastKnownFileType = image.png; path = Opacity.png; sourceTree = "<group>"; };
		D07B5B9A18301F1200965C48 /* r.png */ = {isa = PBXFileReference; lastKnownFileType = image.png; path = r.png; sourceTree = "<group>"; };
		D07B5B9B18301F1200965C48 /* Red.png */ = {isa = PBXFileReference; lastKnownFileType = image.png; path = Red.png; sourceTree = "<group>"; };
		D07B5B9C18301F1200965C48 /* reset-Small.png */ = {isa = PBXFileReference; lastKnownFileType = image.png; path = "reset-Small.png"; sourceTree = "<group>"; };
		D07B5B9D18301F1200965C48 /* Save-Small.png */ = {isa = PBXFileReference; lastKnownFileType = image.png; path = "Save-Small.png"; sourceTree = "<group>"; };
		D07B5B9E18301F1200965C48 /* Setting-1.png */ = {isa = PBXFileReference; lastKnownFileType = image.png; path = "Setting-1.png"; sourceTree = "<group>"; };
		D07B5B9F18301F1200965C48 /* Setting-2.png */ = {isa = PBXFileReference; lastKnownFileType = image.png; path = "Setting-2.png"; sourceTree = "<group>"; };
		D07B5BA018301F1200965C48 /* thickness.png */ = {isa = PBXFileReference; lastKnownFileType = image.png; path = thickness.png; sourceTree = "<group>"; };
		D07B5BA118301F1200965C48 /* width.png */ = {isa = PBXFileReference; lastKnownFileType = image.png; path = width.png; sourceTree = "<group>"; };
		D07B5BA218301F1200965C48 /* Yellow.png */ = {isa = PBXFileReference; lastKnownFileType = image.png; path = Yellow.png; sourceTree = "<group>"; };
		D07B5BB918303A6000965C48 /* SettingsViewController.h */ = {isa = PBXFileReference; fileEncoding = 4; lastKnownFileType = sourcecode.c.h; name = SettingsViewController.h; path = ../SettingsViewController.h; sourceTree = "<group>"; };
		D07B5BBA18303A6000965C48 /* SettingsViewController.m */ = {isa = PBXFileReference; fileEncoding = 4; lastKnownFileType = sourcecode.c.objc; name = SettingsViewController.m; path = ../SettingsViewController.m; sourceTree = "<group>"; };
		D07B5BBC1830C6A400965C48 /* Twitter.framework */ = {isa = PBXFileReference; lastKnownFileType = wrapper.framework; name = Twitter.framework; path = System/Library/Frameworks/Twitter.framework; sourceTree = SDKROOT; };
		D07B5BBE1830C6F600965C48 /* Social.framework */ = {isa = PBXFileReference; lastKnownFileType = wrapper.framework; name = Social.framework; path = System/Library/Frameworks/Social.framework; sourceTree = SDKROOT; };
		D07B5BC01830C70400965C48 /* Accounts.framework */ = {isa = PBXFileReference; lastKnownFileType = wrapper.framework; name = Accounts.framework; path = System/Library/Frameworks/Accounts.framework; sourceTree = SDKROOT; };
		D09482BD182EC5CB00FD0644 /* DigiColorPad.app */ = {isa = PBXFileReference; explicitFileType = wrapper.application; includeInIndex = 0; path = DigiColorPad.app; sourceTree = BUILT_PRODUCTS_DIR; };
		D09482C0182EC5CB00FD0644 /* Foundation.framework */ = {isa = PBXFileReference; lastKnownFileType = wrapper.framework; name = Foundation.framework; path = System/Library/Frameworks/Foundation.framework; sourceTree = SDKROOT; };
		D09482C2182EC5CB00FD0644 /* CoreGraphics.framework */ = {isa = PBXFileReference; lastKnownFileType = wrapper.framework; name = CoreGraphics.framework; path = System/Library/Frameworks/CoreGraphics.framework; sourceTree = SDKROOT; };
		D09482C4182EC5CB00FD0644 /* UIKit.framework */ = {isa = PBXFileReference; lastKnownFileType = wrapper.framework; name = UIKit.framework; path = System/Library/Frameworks/UIKit.framework; sourceTree = SDKROOT; };
		D09482C8182EC5CB00FD0644 /* DigiColorPad-Info.plist */ = {isa = PBXFileReference; lastKnownFileType = text.plist.xml; path = "DigiColorPad-Info.plist"; sourceTree = "<group>"; };
		D09482CA182EC5CB00FD0644 /* en */ = {isa = PBXFileReference; lastKnownFileType = text.plist.strings; name = en; path = en.lproj/InfoPlist.strings; sourceTree = "<group>"; };
		D09482CC182EC5CB00FD0644 /* main.m */ = {isa = PBXFileReference; lastKnownFileType = sourcecode.c.objc; path = main.m; sourceTree = "<group>"; };
		D09482CE182EC5CB00FD0644 /* DigiColorPad-Prefix.pch */ = {isa = PBXFileReference; lastKnownFileType = sourcecode.c.h; path = "DigiColorPad-Prefix.pch"; sourceTree = "<group>"; };
		D09482CF182EC5CB00FD0644 /* AppDelegate.h */ = {isa = PBXFileReference; lastKnownFileType = sourcecode.c.h; path = AppDelegate.h; sourceTree = "<group>"; };
		D09482D0182EC5CB00FD0644 /* AppDelegate.m */ = {isa = PBXFileReference; lastKnownFileType = sourcecode.c.objc; path = AppDelegate.m; sourceTree = "<group>"; };
		D09482D3182EC5CB00FD0644 /* Base */ = {isa = PBXFileReference; lastKnownFileType = file.storyboard; name = Base; path = Base.lproj/Main_iPhone.storyboard; sourceTree = "<group>"; };
		D09482D6182EC5CC00FD0644 /* Base */ = {isa = PBXFileReference; lastKnownFileType = file.storyboard; name = Base; path = Base.lproj/Main_iPad.storyboard; sourceTree = "<group>"; };
		D09482D8182EC5CC00FD0644 /* ViewController.h */ = {isa = PBXFileReference; lastKnownFileType = sourcecode.c.h; path = ViewController.h; sourceTree = "<group>"; };
		D09482D9182EC5CC00FD0644 /* ViewController.m */ = {isa = PBXFileReference; lastKnownFileType = sourcecode.c.objc; path = ViewController.m; sourceTree = "<group>"; };
		D09482DB182EC5CC00FD0644 /* Images.xcassets */ = {isa = PBXFileReference; lastKnownFileType = folder.assetcatalog; path = Images.xcassets; sourceTree = "<group>"; };
		D09482E1182EC5CC00FD0644 /* DigiColorPadTests.xctest */ = {isa = PBXFileReference; explicitFileType = wrapper.cfbundle; includeInIndex = 0; path = DigiColorPadTests.xctest; sourceTree = BUILT_PRODUCTS_DIR; };
		D09482E2182EC5CC00FD0644 /* XCTest.framework */ = {isa = PBXFileReference; lastKnownFileType = wrapper.framework; name = XCTest.framework; path = Library/Frameworks/XCTest.framework; sourceTree = DEVELOPER_DIR; };
		D09482EA182EC5CC00FD0644 /* DigiColorPadTests-Info.plist */ = {isa = PBXFileReference; lastKnownFileType = text.plist.xml; path = "DigiColorPadTests-Info.plist"; sourceTree = "<group>"; };
		D09482EC182EC5CC00FD0644 /* en */ = {isa = PBXFileReference; lastKnownFileType = text.plist.strings; name = en; path = en.lproj/InfoPlist.strings; sourceTree = "<group>"; };
		D09482EE182EC5CC00FD0644 /* DigiColorPadTests.m */ = {isa = PBXFileReference; lastKnownFileType = sourcecode.c.objc; path = DigiColorPadTests.m; sourceTree = "<group>"; };
		D0DC582018A4DC1100558436 /* paint.png */ = {isa = PBXFileReference; lastKnownFileType = image.png; path = paint.png; sourceTree = "<group>"; };
/* End PBXFileReference section */

/* Begin PBXFrameworksBuildPhase section */
		D09482BA182EC5CB00FD0644 /* Frameworks */ = {
			isa = PBXFrameworksBuildPhase;
			buildActionMask = 2147483647;
			files = (
				D07B5BC11830C70400965C48 /* Accounts.framework in Frameworks */,
				D07B5BBF1830C6F600965C48 /* Social.framework in Frameworks */,
				D07B5BBD1830C6A400965C48 /* Twitter.framework in Frameworks */,
				D09482C3182EC5CB00FD0644 /* CoreGraphics.framework in Frameworks */,
				D09482C5182EC5CB00FD0644 /* UIKit.framework in Frameworks */,
				D09482C1182EC5CB00FD0644 /* Foundation.framework in Frameworks */,
			);
			runOnlyForDeploymentPostprocessing = 0;
		};
		D09482DE182EC5CC00FD0644 /* Frameworks */ = {
			isa = PBXFrameworksBuildPhase;
			buildActionMask = 2147483647;
			files = (
				D09482E3182EC5CC00FD0644 /* XCTest.framework in Frameworks */,
				D09482E5182EC5CC00FD0644 /* UIKit.framework in Frameworks */,
				D09482E4182EC5CC00FD0644 /* Foundation.framework in Frameworks */,
			);
			runOnlyForDeploymentPostprocessing = 0;
		};
/* End PBXFrameworksBuildPhase section */

/* Begin PBXGroup section */
		D07B5B8C18301F1200965C48 /* Graphics */ = {
			isa = PBXGroup;
			children = (
				D07B5B8D18301F1200965C48 /* b.png */,
				D07B5B8E18301F1200965C48 /* Black.png */,
				D07B5B8F18301F1200965C48 /* Blue.png */,
				D07B5B9018301F1200965C48 /* Brown.png */,
				D07B5B9118301F1200965C48 /* Custom-Color.png */,
				D07B5B9218301F1200965C48 /* DarkGreen.png */,
				D07B5B9318301F1200965C48 /* DarkOrange.png */,
				D07B5B9418301F1200965C48 /* Eraser.png */,
				D07B5B9518301F1200965C48 /* g.png */,
				D07B5B9618301F1200965C48 /* Grey.png */,
				D07B5B9718301F1200965C48 /* LightBlue.png */,
				D07B5B9818301F1200965C48 /* LightGreen.png */,
				D07B5B9918301F1200965C48 /* Opacity.png */,
				D07B5B9A18301F1200965C48 /* r.png */,
				D07B5B9B18301F1200965C48 /* Red.png */,
				D07B5B9C18301F1200965C48 /* reset-Small.png */,
				D07B5B9D18301F1200965C48 /* Save-Small.png */,
				D07B5B9E18301F1200965C48 /* Setting-1.png */,
				D07B5B9F18301F1200965C48 /* Setting-2.png */,
				D07B5BA018301F1200965C48 /* thickness.png */,
				D07B5BA118301F1200965C48 /* width.png */,
				D07B5BA218301F1200965C48 /* Yellow.png */,
			);
			path = Graphics;
			sourceTree = "<group>";
		};
		D09482B4182EC5CB00FD0644 = {
			isa = PBXGroup;
			children = (
				D07B5B8C18301F1200965C48 /* Graphics */,
				D09482C6182EC5CB00FD0644 /* DigiColorPad */,
				D09482E8182EC5CC00FD0644 /* DigiColorPadTests */,
				D09482BF182EC5CB00FD0644 /* Frameworks */,
				D09482BE182EC5CB00FD0644 /* Products */,
			);
			sourceTree = "<group>";
		};
		D09482BE182EC5CB00FD0644 /* Products */ = {
			isa = PBXGroup;
			children = (
				D09482BD182EC5CB00FD0644 /* DigiColorPad.app */,
				D09482E1182EC5CC00FD0644 /* DigiColorPadTests.xctest */,
			);
			name = Products;
			sourceTree = "<group>";
		};
		D09482BF182EC5CB00FD0644 /* Frameworks */ = {
			isa = PBXGroup;
			children = (
				D07B5BC01830C70400965C48 /* Accounts.framework */,
				D07B5BBE1830C6F600965C48 /* Social.framework */,
				D07B5BBC1830C6A400965C48 /* Twitter.framework */,
				D09482C0182EC5CB00FD0644 /* Foundation.framework */,
				D09482C2182EC5CB00FD0644 /* CoreGraphics.framework */,
				D09482C4182EC5CB00FD0644 /* UIKit.framework */,
				D09482E2182EC5CC00FD0644 /* XCTest.framework */,
			);
			name = Frameworks;
			sourceTree = "<group>";
		};
		D09482C6182EC5CB00FD0644 /* DigiColorPad */ = {
			isa = PBXGroup;
			children = (
				D0DC582018A4DC1100558436 /* paint.png */,
				D07B5BB918303A6000965C48 /* SettingsViewController.h */,
				D07B5BBA18303A6000965C48 /* SettingsViewController.m */,
				D09482CF182EC5CB00FD0644 /* AppDelegate.h */,
				D09482D0182EC5CB00FD0644 /* AppDelegate.m */,
				D09482D2182EC5CB00FD0644 /* Main_iPhone.storyboard */,
				D09482D5182EC5CC00FD0644 /* Main_iPad.storyboard */,
				D09482D8182EC5CC00FD0644 /* ViewController.h */,
				D09482D9182EC5CC00FD0644 /* ViewController.m */,
				D09482DB182EC5CC00FD0644 /* Images.xcassets */,
				D09482C7182EC5CB00FD0644 /* Supporting Files */,
			);
			path = DigiColorPad;
			sourceTree = "<group>";
		};
		D09482C7182EC5CB00FD0644 /* Supporting Files */ = {
			isa = PBXGroup;
			children = (
				D09482C8182EC5CB00FD0644 /* DigiColorPad-Info.plist */,
				D09482C9182EC5CB00FD0644 /* InfoPlist.strings */,
				D09482CC182EC5CB00FD0644 /* main.m */,
				D09482CE182EC5CB00FD0644 /* DigiColorPad-Prefix.pch */,
			);
			name = "Supporting Files";
			sourceTree = "<group>";
		};
		D09482E8182EC5CC00FD0644 /* DigiColorPadTests */ = {
			isa = PBXGroup;
			children = (
				D09482EE182EC5CC00FD0644 /* DigiColorPadTests.m */,
				D09482E9182EC5CC00FD0644 /* Supporting Files */,
			);
			path = DigiColorPadTests;
			sourceTree = "<group>";
		};
		D09482E9182EC5CC00FD0644 /* Supporting Files */ = {
			isa = PBXGroup;
			children = (
				D09482EA182EC5CC00FD0644 /* DigiColorPadTests-Info.plist */,
				D09482EB182EC5CC00FD0644 /* InfoPlist.strings */,
			);
			name = "Supporting Files";
			sourceTree = "<group>";
		};
/* End PBXGroup section */

/* Begin PBXNativeTarget section */
		D09482BC182EC5CB00FD0644 /* DigiColorPad */ = {
			isa = PBXNativeTarget;
			buildConfigurationList = D09482F2182EC5CC00FD0644 /* Build configuration list for PBXNativeTarget "DigiColorPad" */;
			buildPhases = (
				D09482B9182EC5CB00FD0644 /* Sources */,
				D09482BA182EC5CB00FD0644 /* Frameworks */,
				D09482BB182EC5CB00FD0644 /* Resources */,
			);
			buildRules = (
			);
			dependencies = (
			);
			name = DigiColorPad;
			productName = DigiColorPad;
			productReference = D09482BD182EC5CB00FD0644 /* DigiColorPad.app */;
			productType = "com.apple.product-type.application";
		};
		D09482E0182EC5CC00FD0644 /* DigiColorPadTests */ = {
			isa = PBXNativeTarget;
			buildConfigurationList = D09482F5182EC5CC00FD0644 /* Build configuration list for PBXNativeTarget "DigiColorPadTests" */;
			buildPhases = (
				D09482DD182EC5CC00FD0644 /* Sources */,
				D09482DE182EC5CC00FD0644 /* Frameworks */,
				D09482DF182EC5CC00FD0644 /* Resources */,
			);
			buildRules = (
			);
			dependencies = (
				D09482E7182EC5CC00FD0644 /* PBXTargetDependency */,
			);
			name = DigiColorPadTests;
			productName = DigiColorPadTests;
			productReference = D09482E1182EC5CC00FD0644 /* DigiColorPadTests.xctest */;
			productType = "com.apple.product-type.bundle.unit-test";
		};
/* End PBXNativeTarget section */

/* Begin PBXProject section */
		D09482B5182EC5CB00FD0644 /* Project object */ = {
			isa = PBXProject;
			attributes = {
				LastUpgradeCheck = 0500;
				ORGANIZATIONNAME = "Charles Wang";
				TargetAttributes = {
					D09482BC182EC5CB00FD0644 = {
						DevelopmentTeam = FRFY88964C;
					};
					D09482E0182EC5CC00FD0644 = {
						TestTargetID = D09482BC182EC5CB00FD0644;
					};
				};
			};
			buildConfigurationList = D09482B8182EC5CB00FD0644 /* Build configuration list for PBXProject "DigiColorPad" */;
			compatibilityVersion = "Xcode 3.2";
			developmentRegion = English;
			hasScannedForEncodings = 0;
			knownRegions = (
				en,
				Base,
			);
			mainGroup = D09482B4182EC5CB00FD0644;
			productRefGroup = D09482BE182EC5CB00FD0644 /* Products */;
			projectDirPath = "";
			projectRoot = "";
			targets = (
				D09482BC182EC5CB00FD0644 /* DigiColorPad */,
				D09482E0182EC5CC00FD0644 /* DigiColorPadTests */,
			);
		};
/* End PBXProject section */

/* Begin PBXResourcesBuildPhase section */
		D09482BB182EC5CB00FD0644 /* Resources */ = {
			isa = PBXResourcesBuildPhase;
			buildActionMask = 2147483647;
			files = (
				D09482D7182EC5CC00FD0644 /* Main_iPad.storyboard in Resources */,
				D07B5BA818301F1200965C48 /* DarkGreen.png in Resources */,
				D07B5BA718301F1200965C48 /* Custom-Color.png in Resources */,
				D07B5BB218301F1200965C48 /* reset-Small.png in Resources */,
				D07B5BA318301F1200965C48 /* b.png in Resources */,
				D07B5BA518301F1200965C48 /* Blue.png in Resources */,
				D09482DC182EC5CC00FD0644 /* Images.xcassets in Resources */,
				D07B5BAC18301F1200965C48 /* Grey.png in Resources */,
				D07B5BAD18301F1200965C48 /* LightBlue.png in Resources */,
				D07B5BB818301F1200965C48 /* Yellow.png in Resources */,
				D07B5BA618301F1200965C48 /* Brown.png in Resources */,
				D07B5BAA18301F1200965C48 /* Eraser.png in Resources */,
				D07B5BAE18301F1200965C48 /* LightGreen.png in Resources */,
				D07B5BB518301F1200965C48 /* Setting-2.png in Resources */,
				D07B5BB718301F1200965C48 /* width.png in Resources */,
				D07B5BAF18301F1200965C48 /* Opacity.png in Resources */,
				D07B5BB118301F1200965C48 /* Red.png in Resources */,
				D07B5BB018301F1200965C48 /* r.png in Resources */,
				D07B5BAB18301F1200965C48 /* g.png in Resources */,
				D07B5BB418301F1200965C48 /* Setting-1.png in Resources */,
				D07B5BA918301F1200965C48 /* DarkOrange.png in Resources */,
				D07B5BA418301F1200965C48 /* Black.png in Resources */,
				D07B5BB618301F1200965C48 /* thickness.png in Resources */,
				D0DC582118A4DC1100558436 /* paint.png in Resources */,
				D07B5BB318301F1200965C48 /* Save-Small.png in Resources */,
				D09482D4182EC5CB00FD0644 /* Main_iPhone.storyboard in Resources */,
				D09482CB182EC5CB00FD0644 /* InfoPlist.strings in Resources */,
			);
			runOnlyForDeploymentPostprocessing = 0;
		};
		D09482DF182EC5CC00FD0644 /* Resources */ = {
			isa = PBXResourcesBuildPhase;
			buildActionMask = 2147483647;
			files = (
				D09482ED182EC5CC00FD0644 /* InfoPlist.strings in Resources */,
			);
			runOnlyForDeploymentPostprocessing = 0;
		};
/* End PBXResourcesBuildPhase section */

/* Begin PBXSourcesBuildPhase section */
		D09482B9182EC5CB00FD0644 /* Sources */ = {
			isa = PBXSourcesBuildPhase;
			buildActionMask = 2147483647;
			files = (
				D09482DA182EC5CC00FD0644 /* ViewController.m in Sources */,
				D09482D1182EC5CB00FD0644 /* AppDelegate.m in Sources */,
				D09482CD182EC5CB00FD0644 /* main.m in Sources */,
				D07B5BBB18303A6000965C48 /* SettingsViewController.m in Sources */,
			);
			runOnlyForDeploymentPostprocessing = 0;
		};
		D09482DD182EC5CC00FD0644 /* Sources */ = {
			isa = PBXSourcesBuildPhase;
			buildActionMask = 2147483647;
			files = (
				D09482EF182EC5CC00FD0644 /* DigiColorPadTests.m in Sources */,
			);
			runOnlyForDeploymentPostprocessing = 0;
		};
/* End PBXSourcesBuildPhase section */

/* Begin PBXTargetDependency section */
		D09482E7182EC5CC00FD0644 /* PBXTargetDependency */ = {
			isa = PBXTargetDependency;
			target = D09482BC182EC5CB00FD0644 /* DigiColorPad */;
			targetProxy = D09482E6182EC5CC00FD0644 /* PBXContainerItemProxy */;
		};
/* End PBXTargetDependency section */

/* Begin PBXVariantGroup section */
		D09482C9182EC5CB00FD0644 /* InfoPlist.strings */ = {
			isa = PBXVariantGroup;
			children = (
				D09482CA182EC5CB00FD0644 /* en */,
			);
			name = InfoPlist.strings;
			sourceTree = "<group>";
		};
		D09482D2182EC5CB00FD0644 /* Main_iPhone.storyboard */ = {
			isa = PBXVariantGroup;
			children = (
				D09482D3182EC5CB00FD0644 /* Base */,
			);
			name = Main_iPhone.storyboard;
			sourceTree = "<group>";
		};
		D09482D5182EC5CC00FD0644 /* Main_iPad.storyboard */ = {
			isa = PBXVariantGroup;
			children = (
				D09482D6182EC5CC00FD0644 /* Base */,
			);
			name = Main_iPad.storyboard;
			sourceTree = "<group>";
		};
		D09482EB182EC5CC00FD0644 /* InfoPlist.strings */ = {
			isa = PBXVariantGroup;
			children = (
				D09482EC182EC5CC00FD0644 /* en */,
			);
			name = InfoPlist.strings;
			sourceTree = "<group>";
		};
/* End PBXVariantGroup section */

/* Begin XCBuildConfiguration section */
		D09482F0182EC5CC00FD0644 /* Debug */ = {
			isa = XCBuildConfiguration;
			buildSettings = {
				ALWAYS_SEARCH_USER_PATHS = NO;
				ARCHS = "$(ARCHS_STANDARD_INCLUDING_64_BIT)";
				CLANG_CXX_LANGUAGE_STANDARD = "gnu++0x";
				CLANG_CXX_LIBRARY = "libc++";
				CLANG_ENABLE_MODULES = YES;
				CLANG_ENABLE_OBJC_ARC = YES;
				CLANG_WARN_BOOL_CONVERSION = YES;
				CLANG_WARN_CONSTANT_CONVERSION = YES;
				CLANG_WARN_DIRECT_OBJC_ISA_USAGE = YES_ERROR;
				CLANG_WARN_EMPTY_BODY = YES;
				CLANG_WARN_ENUM_CONVERSION = YES;
				CLANG_WARN_INT_CONVERSION = YES;
				CLANG_WARN_OBJC_ROOT_CLASS = YES_ERROR;
				CLANG_WARN__DUPLICATE_METHOD_MATCH = YES;
				"CODE_SIGN_IDENTITY[sdk=iphoneos*]" = "iPhone Developer";
				COPY_PHASE_STRIP = NO;
				GCC_C_LANGUAGE_STANDARD = gnu99;
				GCC_DYNAMIC_NO_PIC = NO;
				GCC_OPTIMIZATION_LEVEL = 0;
				GCC_PREPROCESSOR_DEFINITIONS = (
					"DEBUG=1",
					"$(inherited)",
				);
				GCC_SYMBOLS_PRIVATE_EXTERN = NO;
				GCC_WARN_64_TO_32_BIT_CONVERSION = YES;
				GCC_WARN_ABOUT_RETURN_TYPE = YES_ERROR;
				GCC_WARN_UNDECLARED_SELECTOR = YES;
				GCC_WARN_UNINITIALIZED_AUTOS = YES;
				GCC_WARN_UNUSED_FUNCTION = YES;
				GCC_WARN_UNUSED_VARIABLE = YES;
				IPHONEOS_DEPLOYMENT_TARGET = 7.0;
				ONLY_ACTIVE_ARCH = YES;
				SDKROOT = iphoneos;
				TARGETED_DEVICE_FAMILY = "1,2";
			};
			name = Debug;
		};
		D09482F1182EC5CC00FD0644 /* Release */ = {
			isa = XCBuildConfiguration;
			buildSettings = {
				ALWAYS_SEARCH_USER_PATHS = NO;
				ARCHS = "$(ARCHS_STANDARD_INCLUDING_64_BIT)";
				CLANG_CXX_LANGUAGE_STANDARD = "gnu++0x";
				CLANG_CXX_LIBRARY = "libc++";
				CLANG_ENABLE_MODULES = YES;
				CLANG_ENABLE_OBJC_ARC = YES;
				CLANG_WARN_BOOL_CONVERSION = YES;
				CLANG_WARN_CONSTANT_CONVERSION = YES;
				CLANG_WARN_DIRECT_OBJC_ISA_USAGE = YES_ERROR;
				CLANG_WARN_EMPTY_BODY = YES;
				CLANG_WARN_ENUM_CONVERSION = YES;
				CLANG_WARN_INT_CONVERSION = YES;
				CLANG_WARN_OBJC_ROOT_CLASS = YES_ERROR;
				CLANG_WARN__DUPLICATE_METHOD_MATCH = YES;
				"CODE_SIGN_IDENTITY[sdk=iphoneos*]" = "iPhone Developer";
				COPY_PHASE_STRIP = YES;
				ENABLE_NS_ASSERTIONS = NO;
				GCC_C_LANGUAGE_STANDARD = gnu99;
				GCC_WARN_64_TO_32_BIT_CONVERSION = YES;
				GCC_WARN_ABOUT_RETURN_TYPE = YES_ERROR;
				GCC_WARN_UNDECLARED_SELECTOR = YES;
				GCC_WARN_UNINITIALIZED_AUTOS = YES;
				GCC_WARN_UNUSED_FUNCTION = YES;
				GCC_WARN_UNUSED_VARIABLE = YES;
				IPHONEOS_DEPLOYMENT_TARGET = 7.0;
				SDKROOT = iphoneos;
				TARGETED_DEVICE_FAMILY = "1,2";
				VALIDATE_PRODUCT = YES;
			};
			name = Release;
		};
		D09482F3182EC5CC00FD0644 /* Debug */ = {
			isa = XCBuildConfiguration;
			buildSettings = {
				ASSETCATALOG_COMPILER_APPICON_NAME = AppIcon;
				ASSETCATALOG_COMPILER_LAUNCHIMAGE_NAME = LaunchImage;
				CODE_SIGN_IDENTITY = "iPhone Developer";
				FRAMEWORK_SEARCH_PATHS = (
					"$(inherited)",
					"/Users/charleswang1104/Desktop/Xcode\\ practice/DigiColorPad",
				);
				GCC_PRECOMPILE_PREFIX_HEADER = YES;
				GCC_PREFIX_HEADER = "DigiColorPad/DigiColorPad-Prefix.pch";
				INFOPLIST_FILE = "DigiColorPad/DigiColorPad-Info.plist";
				PRODUCT_NAME = "$(TARGET_NAME)";
				WRAPPER_EXTENSION = app;
			};
			name = Debug;
		};
		D09482F4182EC5CC00FD0644 /* Release */ = {
			isa = XCBuildConfiguration;
			buildSettings = {
				ASSETCATALOG_COMPILER_APPICON_NAME = AppIcon;
				ASSETCATALOG_COMPILER_LAUNCHIMAGE_NAME = LaunchImage;
				CODE_SIGN_IDENTITY = "iPhone Developer";
				FRAMEWORK_SEARCH_PATHS = (
					"$(inherited)",
					"/Users/charleswang1104/Desktop/Xcode\\ practice/DigiColorPad",
				);
				GCC_PRECOMPILE_PREFIX_HEADER = YES;
				GCC_PREFIX_HEADER = "DigiColorPad/DigiColorPad-Prefix.pch";
				INFOPLIST_FILE = "DigiColorPad/DigiColorPad-Info.plist";
				PRODUCT_NAME = "$(TARGET_NAME)";
				WRAPPER_EXTENSION = app;
			};
			name = Release;
		};
		D09482F6182EC5CC00FD0644 /* Debug */ = {
			isa = XCBuildConfiguration;
			buildSettings = {
				ARCHS = "$(ARCHS_STANDARD_INCLUDING_64_BIT)";
				BUNDLE_LOADER = "$(BUILT_PRODUCTS_DIR)/DigiColorPad.app/DigiColorPad";
				FRAMEWORK_SEARCH_PATHS = (
					"$(SDKROOT)/Developer/Library/Frameworks",
					"$(inherited)",
					"$(DEVELOPER_FRAMEWORKS_DIR)",
				);
				GCC_PRECOMPILE_PREFIX_HEADER = YES;
				GCC_PREFIX_HEADER = "DigiColorPad/DigiColorPad-Prefix.pch";
				GCC_PREPROCESSOR_DEFINITIONS = (
					"DEBUG=1",
					"$(inherited)",
				);
				INFOPLIST_FILE = "DigiColorPadTests/DigiColorPadTests-Info.plist";
				PRODUCT_NAME = "$(TARGET_NAME)";
				TEST_HOST = "$(BUNDLE_LOADER)";
				WRAPPER_EXTENSION = xctest;
			};
			name = Debug;
		};
		D09482F7182EC5CC00FD0644 /* Release */ = {
			isa = XCBuildConfiguration;
			buildSettings = {
				ARCHS = "$(ARCHS_STANDARD_INCLUDING_64_BIT)";
				BUNDLE_LOADER = "$(BUILT_PRODUCTS_DIR)/DigiColorPad.app/DigiColorPad";
				FRAMEWORK_SEARCH_PATHS = (
					"$(SDKROOT)/Developer/Library/Frameworks",
					"$(inherited)",
					"$(DEVELOPER_FRAMEWORKS_DIR)",
				);
				GCC_PRECOMPILE_PREFIX_HEADER = YES;
				GCC_PREFIX_HEADER = "DigiColorPad/DigiColorPad-Prefix.pch";
				INFOPLIST_FILE = "DigiColorPadTests/DigiColorPadTests-Info.plist";
				PRODUCT_NAME = "$(TARGET_NAME)";
				TEST_HOST = "$(BUNDLE_LOADER)";
				WRAPPER_EXTENSION = xctest;
			};
			name = Release;
		};
/* End XCBuildConfiguration section */

/* Begin XCConfigurationList section */
		D09482B8182EC5CB00FD0644 /* Build configuration list for PBXProject "DigiColorPad" */ = {
			isa = XCConfigurationList;
			buildConfigurations = (
				D09482F0182EC5CC00FD0644 /* Debug */,
				D09482F1182EC5CC00FD0644 /* Release */,
			);
			defaultConfigurationIsVisible = 0;
			defaultConfigurationName = Release;
		};
		D09482F2182EC5CC00FD0644 /* Build configuration list for PBXNativeTarget "DigiColorPad" */ = {
			isa = XCConfigurationList;
			buildConfigurations = (
				D09482F3182EC5CC00FD0644 /* Debug */,
				D09482F4182EC5CC00FD0644 /* Release */,
			);
			defaultConfigurationIsVisible = 0;
			defaultConfigurationName = Release;
		};
		D09482F5182EC5CC00FD0644 /* Build configuration list for PBXNativeTarget "DigiColorPadTests" */ = {
			isa = XCConfigurationList;
			buildConfigurations = (
				D09482F6182EC5CC00FD0644 /* Debug */,
				D09482F7182EC5CC00FD0644 /* Release */,
			);
			defaultConfigurationIsVisible = 0;
			defaultConfigurationName = Release;
		};
/* End XCConfigurationList section */
	};
	rootObject = D09482B5182EC5CB00FD0644 /* Project object */;
}
